{
  "object": {
    "pins": [
      {
        "package": "Medea",
        "repositoryURL": "https://github.com/jemmons/Medea.git",
        "state": {
          "branch": null,
          "revision": "806bfb36c4f1e12b365c8b4108a834f35a614c44",
          "version": "5.0.0"
        }
      },
      {
        "package": "Perfidy",
        "repositoryURL": "https://github.com/jemmons/Perfidy.git",
        "state": {
          "branch": null,
          "revision": "77daae0eaa91159849695c079d54ecc61bc08d26",
          "version": "5.0.0"
        }
      },
      {
        "package": "swift-nio",
        "repositoryURL": "https://github.com/apple/swift-nio.git",
        "state": {
          "branch": null,
          "revision": "9201908b54578aa33f1d1826a5a680aca8991843",
          "version": "2.8.0"
        }
      }
    ]
  },
  "version": 1
}
